
Microsoft Visual Studio Solution File, Format Version 12.00
# Visual Studio Version 17
VisualStudioVersion = 17.0.31903.59
MinimumVisualStudioVersion = 10.0.40219.1
Project("{FAE04EC0-301F-11D3-BF4B-00C04F79EFBC}") = "MyLib", "MyLib\MyLib.csproj", "{C94842FA-34AF-4DF4-8F4B-AB048B9F8FD5}"
EndProject
Project("{FAE04EC0-301F-11D3-BF4B-00C04F79EFBC}") = "MainApp", "MainApp\MainApp.csproj", "{D1DD227A-9E38-431B-B28F-12E540F71D26}"
EndProject
Global
	GlobalSection(SolutionConfigurationPlatforms) = preSolution
		Debug|Any CPU = Debug|Any CPU
		Release|Any CPU = Release|Any CPU
	EndGlobalSection
	GlobalSection(SolutionProperties) = preSolution
		HideSolutionNode = FALSE
	EndGlobalSection
	GlobalSection(ProjectConfigurationPlatforms) = postSolution
		{C94842FA-34AF-4DF4-8F4B-AB048B9F8FD5}.Debug|Any CPU.ActiveCfg = Debug|Any CPU
		{C94842FA-34AF-4DF4-8F4B-AB048B9F8FD5}.Debug|Any CPU.Build.0 = Debug|Any CPU
		{C94842FA-34AF-4DF4-8F4B-AB048B9F8FD5}.Release|Any CPU.ActiveCfg = Release|Any CPU
		{C94842FA-34AF-4DF4-8F4B-AB048B9F8FD5}.Release|Any CPU.Build.0 = Release|Any CPU
		{D1DD227A-9E38-431B-B28F-12E540F71D26}.Debug|Any CPU.ActiveCfg = Debug|Any CPU
		{D1DD227A-9E38-431B-B28F-12E540F71D26}.Debug|Any CPU.Build.0 = Debug|Any CPU
		{D1DD227A-9E38-431B-B28F-12E540F71D26}.Release|Any CPU.ActiveCfg = Release|Any CPU
		{D1DD227A-9E38-431B-B28F-12E540F71D26}.Release|Any CPU.Build.0 = Release|Any CPU
	EndGlobalSection
EndGlobal
